
Microsoft Visual Studio Solution File, Format Version 12.00
# Visual Studio 15
VisualStudioVersion = 15.0.27004.2005
MinimumVisualStudioVersion = 10.0.40219.1
Project("{FAE04EC0-301F-11D3-BF4B-00C04F79EFBC}") = "Zadacha1Lab9b", "Zadacha1Lab9b\Zadacha1Lab9b.csproj", "{81E7A03A-C1FE-47CE-930C-4BD41B4D8038}"
EndProject
Project("{FAE04EC0-301F-11D3-BF4B-00C04F79EFBC}") = "Zadacha2Lab9b", "Zadacha2Lab9b\Zadacha2Lab9b.csproj", "{B22ABEDB-E5D2-4986-8080-AF0E3FEEF5C9}"
EndProject
Project("{FAE04EC0-301F-11D3-BF4B-00C04F79EFBC}") = "StoreManagement", "StoreManagement\StoreManagement.csproj", "{B4081F41-FB75-47F5-87B0-4005B8C63A56}"
EndProject
Global
	GlobalSection(SolutionConfigurationPlatforms) = preSolution
		Debug|Any CPU = Debug|Any CPU
		Release|Any CPU = Release|Any CPU
	EndGlobalSection
	GlobalSection(ProjectConfigurationPlatforms) = postSolution
		{81E7A03A-C1FE-47CE-930C-4BD41B4D8038}.Debug|Any CPU.ActiveCfg = Debug|Any CPU
		{81E7A03A-C1FE-47CE-930C-4BD41B4D8038}.Debug|Any CPU.Build.0 = Debug|Any CPU
		{81E7A03A-C1FE-47CE-930C-4BD41B4D8038}.Release|Any CPU.ActiveCfg = Release|Any CPU
		{81E7A03A-C1FE-47CE-930C-4BD41B4D8038}.Release|Any CPU.Build.0 = Release|Any CPU
		{B22ABEDB-E5D2-4986-8080-AF0E3FEEF5C9}.Debug|Any CPU.ActiveCfg = Debug|Any CPU
		{B22ABEDB-E5D2-4986-8080-AF0E3FEEF5C9}.Debug|Any CPU.Build.0 = Debug|Any CPU
		{B22ABEDB-E5D2-4986-8080-AF0E3FEEF5C9}.Release|Any CPU.ActiveCfg = Release|Any CPU
		{B22ABEDB-E5D2-4986-8080-AF0E3FEEF5C9}.Release|Any CPU.Build.0 = Release|Any CPU
		{B4081F41-FB75-47F5-87B0-4005B8C63A56}.Debug|Any CPU.ActiveCfg = Debug|Any CPU
		{B4081F41-FB75-47F5-87B0-4005B8C63A56}.Debug|Any CPU.Build.0 = Debug|Any CPU
		{B4081F41-FB75-47F5-87B0-4005B8C63A56}.Release|Any CPU.ActiveCfg = Release|Any CPU
		{B4081F41-FB75-47F5-87B0-4005B8C63A56}.Release|Any CPU.Build.0 = Release|Any CPU
	EndGlobalSection
	GlobalSection(SolutionProperties) = preSolution
		HideSolutionNode = FALSE
	EndGlobalSection
	GlobalSection(ExtensibilityGlobals) = postSolution
		SolutionGuid = {877132AC-C39F-4DBB-9A8E-6A242813C679}
	EndGlobalSection
EndGlobal
